
Microsoft Visual Studio Solution File, Format Version 12.00
# Visual Studio Version 16
VisualStudioVersion = 16.0.33130.400
MinimumVisualStudioVersion = 10.0.40219.1
Project("{FAE04EC0-301F-11D3-BF4B-00C04F79EFBC}") = "projeto 11", "projeto 11\projeto 11.csproj", "{CABA8CA8-F99E-439D-94FD-723B9DEE5DD9}"
EndProject
Global
	GlobalSection(SolutionConfigurationPlatforms) = preSolution
		Debug|Any CPU = Debug|Any CPU
		Release|Any CPU = Release|Any CPU
	EndGlobalSection
	GlobalSection(ProjectConfigurationPlatforms) = postSolution
		{CABA8CA8-F99E-439D-94FD-723B9DEE5DD9}.Debug|Any CPU.ActiveCfg = Debug|Any CPU
		{CABA8CA8-F99E-439D-94FD-723B9DEE5DD9}.Debug|Any CPU.Build.0 = Debug|Any CPU
		{CABA8CA8-F99E-439D-94FD-723B9DEE5DD9}.Release|Any CPU.ActiveCfg = Release|Any CPU
		{CABA8CA8-F99E-439D-94FD-723B9DEE5DD9}.Release|Any CPU.Build.0 = Release|Any CPU
	EndGlobalSection
	GlobalSection(SolutionProperties) = preSolution
		HideSolutionNode = FALSE
	EndGlobalSection
	GlobalSection(ExtensibilityGlobals) = postSolution
		SolutionGuid = {DDFD03CB-5405-4684-BBCA-C2C0D4109916}
	EndGlobalSection
EndGlobal
